{
  "requires": true,
  "lockfileVersion": 1,
  "dependencies": {
    "postman-jsdoc-theme": {
      "version": "0.0.3",
      "resolved": "https://registry.npmjs.org/postman-jsdoc-theme/-/postman-jsdoc-theme-0.0.3.tgz",
      "integrity": "sha1-YOT787IXX3clILPJeMB6i9MrWCk=",
      "dev": true
    }
  }
}
